
Microsoft Visual Studio Solution File, Format Version 12.00
# Visual Studio Version 17
VisualStudioVersion = 17.7.34202.233
MinimumVisualStudioVersion = 10.0.40219.1
Project("{FAE04EC0-301F-11D3-BF4B-00C04F79EFBC}") = "06 Subwords", "06 Subwords.csproj", "{2F368FA6-8762-4664-AAD1-7E12850398C9}"
EndProject
Global
	GlobalSection(SolutionConfigurationPlatforms) = preSolution
		Debug|Any CPU = Debug|Any CPU
		Release|Any CPU = Release|Any CPU
	EndGlobalSection
	GlobalSection(ProjectConfigurationPlatforms) = postSolution
		{2F368FA6-8762-4664-AAD1-7E12850398C9}.Debug|Any CPU.ActiveCfg = Debug|Any CPU
		{2F368FA6-8762-4664-AAD1-7E12850398C9}.Debug|Any CPU.Build.0 = Debug|Any CPU
		{2F368FA6-8762-4664-AAD1-7E12850398C9}.Release|Any CPU.ActiveCfg = Release|Any CPU
		{2F368FA6-8762-4664-AAD1-7E12850398C9}.Release|Any CPU.Build.0 = Release|Any CPU
	EndGlobalSection
	GlobalSection(SolutionProperties) = preSolution
		HideSolutionNode = FALSE
	EndGlobalSection
	GlobalSection(ExtensibilityGlobals) = postSolution
		SolutionGuid = {23885F7F-C6F5-4A85-B464-4C01D1649556}
	EndGlobalSection
EndGlobal
