
Microsoft Visual Studio Solution File, Format Version 12.00
# Visual Studio Version 17
VisualStudioVersion = 17.7.34202.233
MinimumVisualStudioVersion = 10.0.40219.1
Project("{FAE04EC0-301F-11D3-BF4B-00C04F79EFBC}") = "01 Search - Intro Big O", "01 Search - Intro Big O.csproj", "{BDFA69A6-B1C7-48B5-A6DA-15BE1107E26B}"
EndProject
Global
	GlobalSection(SolutionConfigurationPlatforms) = preSolution
		Debug|Any CPU = Debug|Any CPU
		Release|Any CPU = Release|Any CPU
	EndGlobalSection
	GlobalSection(ProjectConfigurationPlatforms) = postSolution
		{BDFA69A6-B1C7-48B5-A6DA-15BE1107E26B}.Debug|Any CPU.ActiveCfg = Debug|Any CPU
		{BDFA69A6-B1C7-48B5-A6DA-15BE1107E26B}.Debug|Any CPU.Build.0 = Debug|Any CPU
		{BDFA69A6-B1C7-48B5-A6DA-15BE1107E26B}.Release|Any CPU.ActiveCfg = Release|Any CPU
		{BDFA69A6-B1C7-48B5-A6DA-15BE1107E26B}.Release|Any CPU.Build.0 = Release|Any CPU
	EndGlobalSection
	GlobalSection(SolutionProperties) = preSolution
		HideSolutionNode = FALSE
	EndGlobalSection
	GlobalSection(ExtensibilityGlobals) = postSolution
		SolutionGuid = {C87993EB-D8D0-41CE-A486-C7277B597C28}
	EndGlobalSection
EndGlobal
