
Microsoft Visual Studio Solution File, Format Version 12.00
# Visual Studio Version 17
VisualStudioVersion = 17.7.34202.233
MinimumVisualStudioVersion = 10.0.40219.1
Project("{FAE04EC0-301F-11D3-BF4B-00C04F79EFBC}") = "10 Balanced", "10 Balanced.csproj", "{9660B651-1DE7-4ED0-AE15-E81B3A3E0F5D}"
EndProject
Global
	GlobalSection(SolutionConfigurationPlatforms) = preSolution
		Debug|Any CPU = Debug|Any CPU
		Release|Any CPU = Release|Any CPU
	EndGlobalSection
	GlobalSection(ProjectConfigurationPlatforms) = postSolution
		{9660B651-1DE7-4ED0-AE15-E81B3A3E0F5D}.Debug|Any CPU.ActiveCfg = Debug|Any CPU
		{9660B651-1DE7-4ED0-AE15-E81B3A3E0F5D}.Debug|Any CPU.Build.0 = Debug|Any CPU
		{9660B651-1DE7-4ED0-AE15-E81B3A3E0F5D}.Release|Any CPU.ActiveCfg = Release|Any CPU
		{9660B651-1DE7-4ED0-AE15-E81B3A3E0F5D}.Release|Any CPU.Build.0 = Release|Any CPU
	EndGlobalSection
	GlobalSection(SolutionProperties) = preSolution
		HideSolutionNode = FALSE
	EndGlobalSection
	GlobalSection(ExtensibilityGlobals) = postSolution
		SolutionGuid = {81ECE70B-B806-4715-8CC5-4DA3502CDA8A}
	EndGlobalSection
EndGlobal
