
Microsoft Visual Studio Solution File, Format Version 12.00
# Visual Studio Version 17
VisualStudioVersion = 17.7.34202.233
MinimumVisualStudioVersion = 10.0.40219.1
Project("{FAE04EC0-301F-11D3-BF4B-00C04F79EFBC}") = "Module_11", "Module_11.csproj", "{3004C7EF-797B-4DFE-BEC2-D9DE557C259F}"
EndProject
Global
	GlobalSection(SolutionConfigurationPlatforms) = preSolution
		Debug|Any CPU = Debug|Any CPU
		Release|Any CPU = Release|Any CPU
	EndGlobalSection
	GlobalSection(ProjectConfigurationPlatforms) = postSolution
		{3004C7EF-797B-4DFE-BEC2-D9DE557C259F}.Debug|Any CPU.ActiveCfg = Debug|Any CPU
		{3004C7EF-797B-4DFE-BEC2-D9DE557C259F}.Debug|Any CPU.Build.0 = Debug|Any CPU
		{3004C7EF-797B-4DFE-BEC2-D9DE557C259F}.Release|Any CPU.ActiveCfg = Release|Any CPU
		{3004C7EF-797B-4DFE-BEC2-D9DE557C259F}.Release|Any CPU.Build.0 = Release|Any CPU
	EndGlobalSection
	GlobalSection(SolutionProperties) = preSolution
		HideSolutionNode = FALSE
	EndGlobalSection
	GlobalSection(ExtensibilityGlobals) = postSolution
		SolutionGuid = {74BFE7D3-DA5E-487F-ABD9-31C4BC991D4E}
	EndGlobalSection
EndGlobal
