
Microsoft Visual Studio Solution File, Format Version 12.00
# Visual Studio Version 17
VisualStudioVersion = 17.7.34202.233
MinimumVisualStudioVersion = 10.0.40219.1
Project("{FAE04EC0-301F-11D3-BF4B-00C04F79EFBC}") = "04 Multiplication", "04 Multiplication.csproj", "{CCC15D41-0413-4D05-A6CE-8948500A7D78}"
EndProject
Global
	GlobalSection(SolutionConfigurationPlatforms) = preSolution
		Debug|Any CPU = Debug|Any CPU
		Release|Any CPU = Release|Any CPU
	EndGlobalSection
	GlobalSection(ProjectConfigurationPlatforms) = postSolution
		{CCC15D41-0413-4D05-A6CE-8948500A7D78}.Debug|Any CPU.ActiveCfg = Debug|Any CPU
		{CCC15D41-0413-4D05-A6CE-8948500A7D78}.Debug|Any CPU.Build.0 = Debug|Any CPU
		{CCC15D41-0413-4D05-A6CE-8948500A7D78}.Release|Any CPU.ActiveCfg = Release|Any CPU
		{CCC15D41-0413-4D05-A6CE-8948500A7D78}.Release|Any CPU.Build.0 = Release|Any CPU
	EndGlobalSection
	GlobalSection(SolutionProperties) = preSolution
		HideSolutionNode = FALSE
	EndGlobalSection
	GlobalSection(ExtensibilityGlobals) = postSolution
		SolutionGuid = {802F0CFC-C3B9-478F-BC2B-38DB11A3B997}
	EndGlobalSection
EndGlobal
