
Microsoft Visual Studio Solution File, Format Version 12.00
# Visual Studio Version 17
VisualStudioVersion = 17.7.34202.233
MinimumVisualStudioVersion = 10.0.40219.1
Project("{FAE04EC0-301F-11D3-BF4B-00C04F79EFBC}") = "Module_10", "Module_10.csproj", "{9EB49D32-0188-4BC4-898D-063174323D10}"
EndProject
Global
	GlobalSection(SolutionConfigurationPlatforms) = preSolution
		Debug|Any CPU = Debug|Any CPU
		Release|Any CPU = Release|Any CPU
	EndGlobalSection
	GlobalSection(ProjectConfigurationPlatforms) = postSolution
		{9EB49D32-0188-4BC4-898D-063174323D10}.Debug|Any CPU.ActiveCfg = Debug|Any CPU
		{9EB49D32-0188-4BC4-898D-063174323D10}.Debug|Any CPU.Build.0 = Debug|Any CPU
		{9EB49D32-0188-4BC4-898D-063174323D10}.Release|Any CPU.ActiveCfg = Release|Any CPU
		{9EB49D32-0188-4BC4-898D-063174323D10}.Release|Any CPU.Build.0 = Release|Any CPU
	EndGlobalSection
	GlobalSection(SolutionProperties) = preSolution
		HideSolutionNode = FALSE
	EndGlobalSection
	GlobalSection(ExtensibilityGlobals) = postSolution
		SolutionGuid = {D429C531-3A48-4920-BC7E-653057CB7E5E}
	EndGlobalSection
EndGlobal
