
Microsoft Visual Studio Solution File, Format Version 12.00
# Visual Studio Version 17
VisualStudioVersion = 17.7.34202.233
MinimumVisualStudioVersion = 10.0.40219.1
Project("{FAE04EC0-301F-11D3-BF4B-00C04F79EFBC}") = "Module_06", "Module_06.csproj", "{EC324167-1418-4555-9149-60B37B204660}"
EndProject
Global
	GlobalSection(SolutionConfigurationPlatforms) = preSolution
		Debug|Any CPU = Debug|Any CPU
		Release|Any CPU = Release|Any CPU
	EndGlobalSection
	GlobalSection(ProjectConfigurationPlatforms) = postSolution
		{EC324167-1418-4555-9149-60B37B204660}.Debug|Any CPU.ActiveCfg = Debug|Any CPU
		{EC324167-1418-4555-9149-60B37B204660}.Debug|Any CPU.Build.0 = Debug|Any CPU
		{EC324167-1418-4555-9149-60B37B204660}.Release|Any CPU.ActiveCfg = Release|Any CPU
		{EC324167-1418-4555-9149-60B37B204660}.Release|Any CPU.Build.0 = Release|Any CPU
	EndGlobalSection
	GlobalSection(SolutionProperties) = preSolution
		HideSolutionNode = FALSE
	EndGlobalSection
	GlobalSection(ExtensibilityGlobals) = postSolution
		SolutionGuid = {336AC0B2-36DC-443A-B7A6-F46EA332030F}
	EndGlobalSection
EndGlobal
