
Microsoft Visual Studio Solution File, Format Version 12.00
# Visual Studio Version 17
VisualStudioVersion = 17.7.34202.233
MinimumVisualStudioVersion = 10.0.40219.1
Project("{FAE04EC0-301F-11D3-BF4B-00C04F79EFBC}") = "12 Greedy Algorithms", "12 Greedy Algorithms.csproj", "{68195E08-04E2-4772-AB6F-36CC5614BCD2}"
EndProject
Global
	GlobalSection(SolutionConfigurationPlatforms) = preSolution
		Debug|Any CPU = Debug|Any CPU
		Release|Any CPU = Release|Any CPU
	EndGlobalSection
	GlobalSection(ProjectConfigurationPlatforms) = postSolution
		{68195E08-04E2-4772-AB6F-36CC5614BCD2}.Debug|Any CPU.ActiveCfg = Debug|Any CPU
		{68195E08-04E2-4772-AB6F-36CC5614BCD2}.Debug|Any CPU.Build.0 = Debug|Any CPU
		{68195E08-04E2-4772-AB6F-36CC5614BCD2}.Release|Any CPU.ActiveCfg = Release|Any CPU
		{68195E08-04E2-4772-AB6F-36CC5614BCD2}.Release|Any CPU.Build.0 = Release|Any CPU
	EndGlobalSection
	GlobalSection(SolutionProperties) = preSolution
		HideSolutionNode = FALSE
	EndGlobalSection
	GlobalSection(ExtensibilityGlobals) = postSolution
		SolutionGuid = {B7074BE8-85A4-4C8B-8B8A-6C1CBFE0086F}
	EndGlobalSection
EndGlobal
