
Microsoft Visual Studio Solution File, Format Version 12.00
# Visual Studio Version 17
VisualStudioVersion = 17.7.34202.233
MinimumVisualStudioVersion = 10.0.40219.1
Project("{FAE04EC0-301F-11D3-BF4B-00C04F79EFBC}") = "Module_05", "Module_05.csproj", "{E10061E0-6ADC-481E-B850-95B8FADAFF6E}"
EndProject
Global
	GlobalSection(SolutionConfigurationPlatforms) = preSolution
		Debug|Any CPU = Debug|Any CPU
		Release|Any CPU = Release|Any CPU
	EndGlobalSection
	GlobalSection(ProjectConfigurationPlatforms) = postSolution
		{E10061E0-6ADC-481E-B850-95B8FADAFF6E}.Debug|Any CPU.ActiveCfg = Debug|Any CPU
		{E10061E0-6ADC-481E-B850-95B8FADAFF6E}.Debug|Any CPU.Build.0 = Debug|Any CPU
		{E10061E0-6ADC-481E-B850-95B8FADAFF6E}.Release|Any CPU.ActiveCfg = Release|Any CPU
		{E10061E0-6ADC-481E-B850-95B8FADAFF6E}.Release|Any CPU.Build.0 = Release|Any CPU
	EndGlobalSection
	GlobalSection(SolutionProperties) = preSolution
		HideSolutionNode = FALSE
	EndGlobalSection
	GlobalSection(ExtensibilityGlobals) = postSolution
		SolutionGuid = {1C977F84-2564-4293-BF93-B214F29DFF37}
	EndGlobalSection
EndGlobal
