
Microsoft Visual Studio Solution File, Format Version 12.00
# Visual Studio Version 17
VisualStudioVersion = 17.7.34202.233
MinimumVisualStudioVersion = 10.0.40219.1
Project("{FAE04EC0-301F-11D3-BF4B-00C04F79EFBC}") = "09 Connection", "09 Connection.csproj", "{4E6FF9F5-1EFD-478E-BB21-A497620FE175}"
EndProject
Global
	GlobalSection(SolutionConfigurationPlatforms) = preSolution
		Debug|Any CPU = Debug|Any CPU
		Release|Any CPU = Release|Any CPU
	EndGlobalSection
	GlobalSection(ProjectConfigurationPlatforms) = postSolution
		{4E6FF9F5-1EFD-478E-BB21-A497620FE175}.Debug|Any CPU.ActiveCfg = Debug|Any CPU
		{4E6FF9F5-1EFD-478E-BB21-A497620FE175}.Debug|Any CPU.Build.0 = Debug|Any CPU
		{4E6FF9F5-1EFD-478E-BB21-A497620FE175}.Release|Any CPU.ActiveCfg = Release|Any CPU
		{4E6FF9F5-1EFD-478E-BB21-A497620FE175}.Release|Any CPU.Build.0 = Release|Any CPU
	EndGlobalSection
	GlobalSection(SolutionProperties) = preSolution
		HideSolutionNode = FALSE
	EndGlobalSection
	GlobalSection(ExtensibilityGlobals) = postSolution
		SolutionGuid = {5E04F185-F346-4864-AD5A-E7381B65BD83}
	EndGlobalSection
EndGlobal
