
Microsoft Visual Studio Solution File, Format Version 12.00
# Visual Studio Version 17
VisualStudioVersion = 17.7.34202.233
MinimumVisualStudioVersion = 10.0.40219.1
Project("{FAE04EC0-301F-11D3-BF4B-00C04F79EFBC}") = "04 Occurrences", "04 Occurrences.csproj", "{D03AD645-0E79-403A-86A2-53F37F30BC03}"
EndProject
Global
	GlobalSection(SolutionConfigurationPlatforms) = preSolution
		Debug|Any CPU = Debug|Any CPU
		Release|Any CPU = Release|Any CPU
	EndGlobalSection
	GlobalSection(ProjectConfigurationPlatforms) = postSolution
		{D03AD645-0E79-403A-86A2-53F37F30BC03}.Debug|Any CPU.ActiveCfg = Debug|Any CPU
		{D03AD645-0E79-403A-86A2-53F37F30BC03}.Debug|Any CPU.Build.0 = Debug|Any CPU
		{D03AD645-0E79-403A-86A2-53F37F30BC03}.Release|Any CPU.ActiveCfg = Release|Any CPU
		{D03AD645-0E79-403A-86A2-53F37F30BC03}.Release|Any CPU.Build.0 = Release|Any CPU
	EndGlobalSection
	GlobalSection(SolutionProperties) = preSolution
		HideSolutionNode = FALSE
	EndGlobalSection
	GlobalSection(ExtensibilityGlobals) = postSolution
		SolutionGuid = {4E02A03D-D5A9-4B77-85C7-D473577D5146}
	EndGlobalSection
EndGlobal
