
Microsoft Visual Studio Solution File, Format Version 12.00
# Visual Studio Version 17
VisualStudioVersion = 17.7.34202.233
MinimumVisualStudioVersion = 10.0.40219.1
Project("{FAE04EC0-301F-11D3-BF4B-00C04F79EFBC}") = "06 Missing Link", "06 Missing Link.csproj", "{8419AE8A-94ED-48FE-8452-4CBF2B996950}"
EndProject
Global
	GlobalSection(SolutionConfigurationPlatforms) = preSolution
		Debug|Any CPU = Debug|Any CPU
		Release|Any CPU = Release|Any CPU
	EndGlobalSection
	GlobalSection(ProjectConfigurationPlatforms) = postSolution
		{8419AE8A-94ED-48FE-8452-4CBF2B996950}.Debug|Any CPU.ActiveCfg = Debug|Any CPU
		{8419AE8A-94ED-48FE-8452-4CBF2B996950}.Debug|Any CPU.Build.0 = Debug|Any CPU
		{8419AE8A-94ED-48FE-8452-4CBF2B996950}.Release|Any CPU.ActiveCfg = Release|Any CPU
		{8419AE8A-94ED-48FE-8452-4CBF2B996950}.Release|Any CPU.Build.0 = Release|Any CPU
	EndGlobalSection
	GlobalSection(SolutionProperties) = preSolution
		HideSolutionNode = FALSE
	EndGlobalSection
	GlobalSection(ExtensibilityGlobals) = postSolution
		SolutionGuid = {FBEFEFF6-EA10-44AA-AC65-2C153FCCE029}
	EndGlobalSection
EndGlobal
