
Microsoft Visual Studio Solution File, Format Version 12.00
# Visual Studio Version 17
VisualStudioVersion = 17.7.34202.233
MinimumVisualStudioVersion = 10.0.40219.1
Project("{FAE04EC0-301F-11D3-BF4B-00C04F79EFBC}") = "Module_07", "Module_07.csproj", "{4FBDA40E-2D93-443E-B7E3-CAFC55EB1497}"
EndProject
Global
	GlobalSection(SolutionConfigurationPlatforms) = preSolution
		Debug|Any CPU = Debug|Any CPU
		Release|Any CPU = Release|Any CPU
	EndGlobalSection
	GlobalSection(ProjectConfigurationPlatforms) = postSolution
		{4FBDA40E-2D93-443E-B7E3-CAFC55EB1497}.Debug|Any CPU.ActiveCfg = Debug|Any CPU
		{4FBDA40E-2D93-443E-B7E3-CAFC55EB1497}.Debug|Any CPU.Build.0 = Debug|Any CPU
		{4FBDA40E-2D93-443E-B7E3-CAFC55EB1497}.Release|Any CPU.ActiveCfg = Release|Any CPU
		{4FBDA40E-2D93-443E-B7E3-CAFC55EB1497}.Release|Any CPU.Build.0 = Release|Any CPU
	EndGlobalSection
	GlobalSection(SolutionProperties) = preSolution
		HideSolutionNode = FALSE
	EndGlobalSection
	GlobalSection(ExtensibilityGlobals) = postSolution
		SolutionGuid = {95CCB77B-AEED-46AA-89D4-55F536817D2C}
	EndGlobalSection
EndGlobal
